
Microsoft Visual Studio Solution File, Format Version 12.00
# Visual Studio Version 17
VisualStudioVersion = 17.3.32901.215
MinimumVisualStudioVersion = 10.0.40219.1
Project("{FAE04EC0-301F-11D3-BF4B-00C04F79EFBC}") = "EldenRing.Mvc.App.Web", "EldenRing.Mvc.App.Web\EldenRing.Mvc.App.Web.csproj", "{0D53910F-1662-4E2D-9655-7AD9BDB2A781}"
EndProject
Project("{FAE04EC0-301F-11D3-BF4B-00C04F79EFBC}") = "EldenRing.Mvc.App.Business", "EldenRing.Mvc.App.Business\EldenRing.Mvc.App.Business.csproj", "{F1E3806F-B311-4CD0-ACDF-8C48897D874B}"
EndProject
Project("{FAE04EC0-301F-11D3-BF4B-00C04F79EFBC}") = "EldenRing.Mvc.App.Data", "EldenRing.Mvc.App.Data\EldenRing.Mvc.App.Data.csproj", "{5F563006-678C-4CFC-8154-6C671B76786B}"
EndProject
Global
	GlobalSection(SolutionConfigurationPlatforms) = preSolution
		Debug|Any CPU = Debug|Any CPU
		Release|Any CPU = Release|Any CPU
	EndGlobalSection
	GlobalSection(ProjectConfigurationPlatforms) = postSolution
		{0D53910F-1662-4E2D-9655-7AD9BDB2A781}.Debug|Any CPU.ActiveCfg = Debug|Any CPU
		{0D53910F-1662-4E2D-9655-7AD9BDB2A781}.Debug|Any CPU.Build.0 = Debug|Any CPU
		{0D53910F-1662-4E2D-9655-7AD9BDB2A781}.Release|Any CPU.ActiveCfg = Release|Any CPU
		{0D53910F-1662-4E2D-9655-7AD9BDB2A781}.Release|Any CPU.Build.0 = Release|Any CPU
		{F1E3806F-B311-4CD0-ACDF-8C48897D874B}.Debug|Any CPU.ActiveCfg = Debug|Any CPU
		{F1E3806F-B311-4CD0-ACDF-8C48897D874B}.Debug|Any CPU.Build.0 = Debug|Any CPU
		{F1E3806F-B311-4CD0-ACDF-8C48897D874B}.Release|Any CPU.ActiveCfg = Release|Any CPU
		{F1E3806F-B311-4CD0-ACDF-8C48897D874B}.Release|Any CPU.Build.0 = Release|Any CPU
		{5F563006-678C-4CFC-8154-6C671B76786B}.Debug|Any CPU.ActiveCfg = Debug|Any CPU
		{5F563006-678C-4CFC-8154-6C671B76786B}.Debug|Any CPU.Build.0 = Debug|Any CPU
		{5F563006-678C-4CFC-8154-6C671B76786B}.Release|Any CPU.ActiveCfg = Release|Any CPU
		{5F563006-678C-4CFC-8154-6C671B76786B}.Release|Any CPU.Build.0 = Release|Any CPU
	EndGlobalSection
	GlobalSection(SolutionProperties) = preSolution
		HideSolutionNode = FALSE
	EndGlobalSection
	GlobalSection(ExtensibilityGlobals) = postSolution
		SolutionGuid = {455CD1E3-FA2F-43DB-ABD0-5B9E75B8944F}
	EndGlobalSection
EndGlobal
